
Microsoft Visual Studio Solution File, Format Version 12.00
# Visual Studio Version 17
VisualStudioVersion = 17.4.33122.133
MinimumVisualStudioVersion = 10.0.40219.1
Project("{FAE04EC0-301F-11D3-BF4B-00C04F79EFBC}") = "TextConverter", "TextConverter.csproj", "{7FAFE3BC-68EE-425D-BE9C-549F59958ADC}"
EndProject
Global
	GlobalSection(SolutionConfigurationPlatforms) = preSolution
		Debug|Any CPU = Debug|Any CPU
		Release|Any CPU = Release|Any CPU
	EndGlobalSection
	GlobalSection(ProjectConfigurationPlatforms) = postSolution
		{7FAFE3BC-68EE-425D-BE9C-549F59958ADC}.Debug|Any CPU.ActiveCfg = Debug|Any CPU
		{7FAFE3BC-68EE-425D-BE9C-549F59958ADC}.Debug|Any CPU.Build.0 = Debug|Any CPU
		{7FAFE3BC-68EE-425D-BE9C-549F59958ADC}.Release|Any CPU.ActiveCfg = Release|Any CPU
		{7FAFE3BC-68EE-425D-BE9C-549F59958ADC}.Release|Any CPU.Build.0 = Release|Any CPU
	EndGlobalSection
	GlobalSection(SolutionProperties) = preSolution
		HideSolutionNode = FALSE
	EndGlobalSection
	GlobalSection(ExtensibilityGlobals) = postSolution
		SolutionGuid = {840D5A48-8676-4968-9408-207DA5EA28CA}
	EndGlobalSection
EndGlobal
